<?xml version="1.0" encoding="utf-8"?>
<Project ToolsVersion="4.0" xmlns="http://schemas.microsoft.com/developer/msbuild/2003">
  <ItemGroup>
    <Filter Include="C++ Files">
      <UniqueIdentifier>{d3884290-412b-456a-b295-fd0a6c606ac8}</UniqueIdentifier>
      <Extensions>cpp;h;ico;inf;rc</Extensions>
    </Filter>
    <Filter Include="Modules %28mpp%29">
      <UniqueIdentifier>{491cf939-f553-40ca-83f8-98489da0c1cc}</UniqueIdentifier>
      <Extensions>mpp</Extensions>
    </Filter>
    <Filter Include="Scenarios">
      <UniqueIdentifier>{3a2ff2a8-acfa-4351-9fcf-9f8ef44322c4}</UniqueIdentifier>
      <Extensions>sce;dat</Extensions>
    </Filter>
  </ItemGroup>
  <ItemGroup>
    <None Include="BugMM.mpp">
      <Filter>Modules %28mpp%29</Filter>
    </None>
    <None Include="TsetseFlyCore.mpp">
      <Filter>Modules %28mpp%29</Filter>
    </None>
    <None Include="TickerCore.mpp">
      <Filter>Modules %28mpp%29</Filter>
    </None>
    <None Include="ModelStrings.mpp">
      <Filter>Modules %28mpp%29</Filter>
    </None>
    <None Include="app.ico">
      <Filter>C++ Files</Filter>
    </None>
    <None Include="parse.inf">
      <Filter>C++ Files</Filter>
    </None>
    <None Include="Base(TsetseFlyCore).dat">
      <Filter>Scenarios</Filter>
    </None>
    <None Include="Base.scex" />
    <None Include="ReadMe.txt" />
    <None Include="Common.mpp">
      <Filter>Modules %28mpp%29</Filter>
    </None>
    <None Include="Experimental.mpp">
      <Filter>Modules %28mpp%29</Filter>
    </None>
  </ItemGroup>
  <ItemGroup>
    <ClCompile Include="BugMM.cpp">
      <Filter>C++ Files</Filter>
    </ClCompile>
    <ClCompile Include="TsetseFlyCore.cpp">
      <Filter>C++ Files</Filter>
    </ClCompile>
    <ClCompile Include="TickerCore.cpp">
      <Filter>C++ Files</Filter>
    </ClCompile>
    <ClCompile Include="ModelStrings.cpp">
      <Filter>C++ Files</Filter>
    </ClCompile>
    <ClCompile Include="Actors.cpp">
      <Filter>C++ Files</Filter>
    </ClCompile>
    <ClCompile Include="Tabinit.cpp">
      <Filter>C++ Files</Filter>
    </ClCompile>
    <ClCompile Include="Common.cpp">
      <Filter>C++ Files</Filter>
    </ClCompile>
    <ClCompile Include="Experimental.cpp">
      <Filter>C++ Files</Filter>
    </ClCompile>
  </ItemGroup>
  <ItemGroup>
    <ClInclude Include="Actors.h">
      <Filter>C++ Files</Filter>
    </ClInclude>
    <ClInclude Include="Tabinit.h">
      <Filter>C++ Files</Filter>
    </ClInclude>
    <ClInclude Include="model.h">
      <Filter>C++ Files</Filter>
    </ClInclude>
  </ItemGroup>
  <ItemGroup>
    <ResourceCompile Include="model.rc">
      <Filter>C++ Files</Filter>
    </ResourceCompile>
  </ItemGroup>
</Project>